
Microsoft Visual Studio Solution File, Format Version 12.00
# Visual Studio Version 16
VisualStudioVersion = 16.0.32428.217
MinimumVisualStudioVersion = 10.0.40219.1
Project("{FAE04EC0-301F-11D3-BF4B-00C04F79EFBC}") = "PlanEditor", "PlanEditor\PlanEditor.csproj", "{BEF62CF2-FA53-405E-818E-069A32669707}"
EndProject
Global
	GlobalSection(SolutionConfigurationPlatforms) = preSolution
		Debug|Any CPU = Debug|Any CPU
		Release|Any CPU = Release|Any CPU
	EndGlobalSection
	GlobalSection(ProjectConfigurationPlatforms) = postSolution
		{BEF62CF2-FA53-405E-818E-069A32669707}.Debug|Any CPU.ActiveCfg = Debug|Any CPU
		{BEF62CF2-FA53-405E-818E-069A32669707}.Debug|Any CPU.Build.0 = Debug|Any CPU
		{BEF62CF2-FA53-405E-818E-069A32669707}.Release|Any CPU.ActiveCfg = Release|Any CPU
		{BEF62CF2-FA53-405E-818E-069A32669707}.Release|Any CPU.Build.0 = Release|Any CPU
	EndGlobalSection
	GlobalSection(SolutionProperties) = preSolution
		HideSolutionNode = FALSE
	EndGlobalSection
	GlobalSection(ExtensibilityGlobals) = postSolution
		SolutionGuid = {2C9517FF-70B4-49D9-9423-C088ACF4EF9B}
	EndGlobalSection
EndGlobal
